
Microsoft Visual Studio Solution File, Format Version 12.00
# Visual Studio Version 17
VisualStudioVersion = 17.4.33122.133
MinimumVisualStudioVersion = 10.0.40219.1
Project("{FAE04EC0-301F-11D3-BF4B-00C04F79EFBC}") = "worklab", "worklab\worklab.csproj", "{4ACEB106-C87A-4A7B-B90F-7E842745A442}"
EndProject
Global
	GlobalSection(SolutionConfigurationPlatforms) = preSolution
		Debug|Any CPU = Debug|Any CPU
		Release|Any CPU = Release|Any CPU
	EndGlobalSection
	GlobalSection(ProjectConfigurationPlatforms) = postSolution
		{4ACEB106-C87A-4A7B-B90F-7E842745A442}.Debug|Any CPU.ActiveCfg = Debug|Any CPU
		{4ACEB106-C87A-4A7B-B90F-7E842745A442}.Debug|Any CPU.Build.0 = Debug|Any CPU
		{4ACEB106-C87A-4A7B-B90F-7E842745A442}.Release|Any CPU.ActiveCfg = Release|Any CPU
		{4ACEB106-C87A-4A7B-B90F-7E842745A442}.Release|Any CPU.Build.0 = Release|Any CPU
	EndGlobalSection
	GlobalSection(SolutionProperties) = preSolution
		HideSolutionNode = FALSE
	EndGlobalSection
	GlobalSection(ExtensibilityGlobals) = postSolution
		SolutionGuid = {8B12E608-E7E9-4F62-AC86-3FC87BEA4968}
	EndGlobalSection
EndGlobal
